
Microsoft Visual Studio Solution File, Format Version 12.00
# Visual Studio Version 17
VisualStudioVersion = 17.8.34525.116
MinimumVisualStudioVersion = 10.0.40219.1
Project("{FAE04EC0-301F-11D3-BF4B-00C04F79EFBC}") = "Technuron", "Technuron\Technuron.csproj", "{1F710D00-3B2A-42B7-B82A-2BC419D9659C}"
EndProject
Global
	GlobalSection(SolutionConfigurationPlatforms) = preSolution
		Debug|Any CPU = Debug|Any CPU
		Release|Any CPU = Release|Any CPU
	EndGlobalSection
	GlobalSection(ProjectConfigurationPlatforms) = postSolution
		{1F710D00-3B2A-42B7-B82A-2BC419D9659C}.Debug|Any CPU.ActiveCfg = Debug|Any CPU
		{1F710D00-3B2A-42B7-B82A-2BC419D9659C}.Debug|Any CPU.Build.0 = Debug|Any CPU
		{1F710D00-3B2A-42B7-B82A-2BC419D9659C}.Release|Any CPU.ActiveCfg = Release|Any CPU
		{1F710D00-3B2A-42B7-B82A-2BC419D9659C}.Release|Any CPU.Build.0 = Release|Any CPU
	EndGlobalSection
	GlobalSection(SolutionProperties) = preSolution
		HideSolutionNode = FALSE
	EndGlobalSection
	GlobalSection(ExtensibilityGlobals) = postSolution
		SolutionGuid = {04E823A3-A551-47D7-96EF-F0654319A30C}
	EndGlobalSection
EndGlobal
